// !$*UTF8*$!
{
	archiveVersion = 1;
	classes = {
	};
	objectVersion = 50;
	objects = {

/* Begin PBXBuildFile section */
		9A050DEC2281732100806F88 /* AppDelegate.swift in Sources */ = {isa = PBXBuildFile; fileRef = 9A050DEB2281732100806F88 /* AppDelegate.swift */; };
		9A050DF72281732200806F88 /* Assets.xcassets in Resources */ = {isa = PBXBuildFile; fileRef = 9A050DF62281732200806F88 /* Assets.xcassets */; };
		9A943CDE2282D72900F332AE /* Default.bundle in Resources */ = {isa = PBXBuildFile; fileRef = 9A943CDD2282D72900F332AE /* Default.bundle */; };
		9A050DFA2281732200806F88 /* LaunchScreen.storyboard in Resources */ = {isa = PBXBuildFile; fileRef = 9A050DF82281732200806F88 /* LaunchScreen.storyboard */; };
		9A050DF52281732100806F88 /* Main.storyboard in Resources */ = {isa = PBXBuildFile; fileRef = 9A050DF32281732100806F88 /* Main.storyboard */; };
		9A050DF22281732100806F88 /* MarkdownDocument.swift in Sources */ = {isa = PBXBuildFile; fileRef = 9A050DF12281732100806F88 /* MarkdownDocument.swift */; };
		9A8212A52282AC5C009B5AE5 /* MarkdownDocumentBrowserTransitioningDelegate.swift in Sources */ = {isa = PBXBuildFile; fileRef = 9A8212A42282AC5C009B5AE5 /* MarkdownDocumentBrowserTransitioningDelegate.swift */; };
		9A050DEE2281732100806F88 /* MarkdownDocumentBrowserViewController.swift in Sources */ = {isa = PBXBuildFile; fileRef = 9A050DED2281732100806F88 /* MarkdownDocumentBrowserViewController.swift */; };
		9A050DF02281732100806F88 /* MarkdownDocumentViewController.swift in Sources */ = {isa = PBXBuildFile; fileRef = 9A050DEF2281732100806F88 /* MarkdownDocumentViewController.swift */; };
		9A8212A2228272E1009B5AE5 /* MarkdownDocumentViewCoordinator.swift in Sources */ = {isa = PBXBuildFile; fileRef = 9A8212A1228272E1009B5AE5 /* MarkdownDocumentViewCoordinator.swift */; };
		9AE8745622840B4D00193D53 /* MarkdownView.swift in Sources */ = {isa = PBXBuildFile; fileRef = 9AE8745522840B4D00193D53 /* MarkdownView.swift */; };
		5273915D2281E480003370D6 /* MarkdownWrapperView.swift in Sources */ = {isa = PBXBuildFile; fileRef = 5273915C2281E480003370D6 /* MarkdownWrapperView.swift */; };
		95224EF241149B83DCA872A1 /* Pods_Mark_Viewer.framework in Frameworks */ = {isa = PBXBuildFile; fileRef = BE339EE86B873D190B16BB7A /* Pods_Mark_Viewer.framework */; };
/* End PBXBuildFile section */

/* Begin PBXFileReference section */
		9A050DF42281732100806F88 /* Base */ = {isa = PBXFileReference; lastKnownFileType = file.storyboard; name = Base; path = Base.lproj/Main.storyboard; sourceTree = "<group>"; };
		9A050DF92281732200806F88 /* Base */ = {isa = PBXFileReference; lastKnownFileType = file.storyboard; name = Base; path = Base.lproj/LaunchScreen.storyboard; sourceTree = "<group>"; };
		9A050DEB2281732100806F88 /* AppDelegate.swift */ = {isa = PBXFileReference; lastKnownFileType = sourcecode.swift; path = AppDelegate.swift; sourceTree = "<group>"; };
		9A050DF62281732200806F88 /* Assets.xcassets */ = {isa = PBXFileReference; lastKnownFileType = folder.assetcatalog; path = Assets.xcassets; sourceTree = "<group>"; };
		9A943CDD2282D72900F332AE /* Default.bundle */ = {isa = PBXFileReference; lastKnownFileType = "wrapper.plug-in"; path = Default.bundle; sourceTree = "<group>"; };
		9A050DFB2281732200806F88 /* Info.plist */ = {isa = PBXFileReference; lastKnownFileType = text.plist.xml; path = Info.plist; sourceTree = "<group>"; };
		9A050DE82281732100806F88 /* Mark Viewer.app */ = {isa = PBXFileReference; explicitFileType = wrapper.application; includeInIndex = 0; path = "Mark Viewer.app"; sourceTree = BUILT_PRODUCTS_DIR; };
		9A050DF12281732100806F88 /* MarkdownDocument.swift */ = {isa = PBXFileReference; lastKnownFileType = sourcecode.swift; path = MarkdownDocument.swift; sourceTree = "<group>"; };
		9A8212A42282AC5C009B5AE5 /* MarkdownDocumentBrowserTransitioningDelegate.swift */ = {isa = PBXFileReference; lastKnownFileType = sourcecode.swift; path = MarkdownDocumentBrowserTransitioningDelegate.swift; sourceTree = "<group>"; };
		9A050DED2281732100806F88 /* MarkdownDocumentBrowserViewController.swift */ = {isa = PBXFileReference; lastKnownFileType = sourcecode.swift; path = MarkdownDocumentBrowserViewController.swift; sourceTree = "<group>"; };
		9A050DEF2281732100806F88 /* MarkdownDocumentViewController.swift */ = {isa = PBXFileReference; lastKnownFileType = sourcecode.swift; path = MarkdownDocumentViewController.swift; sourceTree = "<group>"; };
		9A8212A1228272E1009B5AE5 /* MarkdownDocumentViewCoordinator.swift */ = {isa = PBXFileReference; lastKnownFileType = sourcecode.swift; path = MarkdownDocumentViewCoordinator.swift; sourceTree = "<group>"; };
		9AE8745522840B4D00193D53 /* MarkdownView.swift */ = {isa = PBXFileReference; lastKnownFileType = sourcecode.swift; path = MarkdownView.swift; sourceTree = "<group>"; };
		5273915C2281E480003370D6 /* MarkdownWrapperView.swift */ = {isa = PBXFileReference; lastKnownFileType = sourcecode.swift; path = MarkdownWrapperView.swift; sourceTree = "<group>"; };
		04745C37D9CED70D36DBB521 /* Pods-Mark Viewer.debug.xcconfig */ = {isa = PBXFileReference; includeInIndex = 1; lastKnownFileType = text.xcconfig; name = "Pods-Mark Viewer.debug.xcconfig"; path = "Target Support Files/Pods-Mark Viewer/Pods-Mark Viewer.debug.xcconfig"; sourceTree = "<group>"; };
		545638D9939BC550B13C4F97 /* Pods-Mark Viewer.release.xcconfig */ = {isa = PBXFileReference; includeInIndex = 1; lastKnownFileType = text.xcconfig; name = "Pods-Mark Viewer.release.xcconfig"; path = "Target Support Files/Pods-Mark Viewer/Pods-Mark Viewer.release.xcconfig"; sourceTree = "<group>"; };
		BE339EE86B873D190B16BB7A /* Pods_Mark_Viewer.framework */ = {isa = PBXFileReference; explicitFileType = wrapper.framework; includeInIndex = 0; path = Pods_Mark_Viewer.framework; sourceTree = BUILT_PRODUCTS_DIR; };
/* End PBXFileReference section */

/* Begin PBXFrameworksBuildPhase section */
		9A050DE52281732100806F88 /* Frameworks */ = {
			isa = PBXFrameworksBuildPhase;
			buildActionMask = 2147483647;
			files = (
				95224EF241149B83DCA872A1 /* Pods_Mark_Viewer.framework in Frameworks */,
			);
			runOnlyForDeploymentPostprocessing = 0;
		};
/* End PBXFrameworksBuildPhase section */

/* Begin PBXGroup section */
		3F56CCC3A6DAF9FBF81CC6BC /* Pods */ = {
			isa = PBXGroup;
			children = (
				04745C37D9CED70D36DBB521 /* Pods-Mark Viewer.debug.xcconfig */,
				545638D9939BC550B13C4F97 /* Pods-Mark Viewer.release.xcconfig */,
			);
			path = Pods;
			sourceTree = "<group>";
		};
		5273915B2281E444003370D6 /* Markdown View */ = {
			isa = PBXGroup;
			children = (
				9A8212A72282D6B4009B5AE5 /* Theme */,
				9AE8745522840B4D00193D53 /* MarkdownView.swift */,
				5273915C2281E480003370D6 /* MarkdownWrapperView.swift */,
			);
			path = "Markdown View";
			sourceTree = "<group>";
		};
		7AA06DC8B4B0FF69F236277D /* Frameworks */ = {
			isa = PBXGroup;
			children = (
				BE339EE86B873D190B16BB7A /* Pods_Mark_Viewer.framework */,
			);
			name = Frameworks;
			sourceTree = "<group>";
		};
		9A050DDF2281732100806F88 = {
			isa = PBXGroup;
			children = (
				7AA06DC8B4B0FF69F236277D /* Frameworks */,
				9A050DEA2281732100806F88 /* Mark Viewer */,
				3F56CCC3A6DAF9FBF81CC6BC /* Pods */,
				9A050DE92281732100806F88 /* Products */,
			);
			sourceTree = "<group>";
		};
		9A050DE92281732100806F88 /* Products */ = {
			isa = PBXGroup;
			children = (
				9A050DE82281732100806F88 /* Mark Viewer.app */,
			);
			name = Products;
			sourceTree = "<group>";
		};
		9A050DEA2281732100806F88 /* Mark Viewer */ = {
			isa = PBXGroup;
			children = (
				9A8212A3228280CC009B5AE5 /* Document Browser */,
				9A050E012281772200806F88 /* Document View Controller */,
				5273915B2281E444003370D6 /* Markdown View */,
				9A050E022281776800806F88 /* Supporting Files */,
				9A050DEB2281732100806F88 /* AppDelegate.swift */,
				9A050DFB2281732200806F88 /* Info.plist */,
			);
			path = "Mark Viewer";
			sourceTree = "<group>";
		};
		9A050E012281772200806F88 /* Document View Controller */ = {
			isa = PBXGroup;
			children = (
				9A050DF12281732100806F88 /* MarkdownDocument.swift */,
				9A050DEF2281732100806F88 /* MarkdownDocumentViewController.swift */,
				9A8212A1228272E1009B5AE5 /* MarkdownDocumentViewCoordinator.swift */,
			);
			path = "Document View Controller";
			sourceTree = "<group>";
		};
		9A050E022281776800806F88 /* Supporting Files */ = {
			isa = PBXGroup;
			children = (
				9A050DF62281732200806F88 /* Assets.xcassets */,
				9A050DF82281732200806F88 /* LaunchScreen.storyboard */,
				9A050DF32281732100806F88 /* Main.storyboard */,
			);
			path = "Supporting Files";
			sourceTree = "<group>";
		};
		9A8212A3228280CC009B5AE5 /* Document Browser */ = {
			isa = PBXGroup;
			children = (
				9A8212A42282AC5C009B5AE5 /* MarkdownDocumentBrowserTransitioningDelegate.swift */,
				9A050DED2281732100806F88 /* MarkdownDocumentBrowserViewController.swift */,
			);
			path = "Document Browser";
			sourceTree = "<group>";
		};
		9A8212A72282D6B4009B5AE5 /* Theme */ = {
			isa = PBXGroup;
			children = (
				9A943CDD2282D72900F332AE /* Default.bundle */,
			);
			path = Theme;
			sourceTree = "<group>";
		};
/* End PBXGroup section */

/* Begin PBXNativeTarget section */
		9A050DE72281732100806F88 /* Mark Viewer */ = {
			isa = PBXNativeTarget;
			buildConfigurationList = 9A050DFE2281732200806F88 /* Build configuration list for PBXNativeTarget "Mark Viewer" */;
			buildPhases = (
				05A882F1617EF91FE710A761 /* [CP] Check Pods Manifest.lock */,
				9A050DE42281732100806F88 /* Sources */,
				9A050DE52281732100806F88 /* Frameworks */,
				9A050DE62281732100806F88 /* Resources */,
				4AA0DE6062D8030918F8957F /* [CP] Embed Pods Frameworks */,
			);
			buildRules = (
			);
			dependencies = (
			);
			name = "Mark Viewer";
			productName = "Mark Viewer";
			productReference = 9A050DE82281732100806F88 /* Mark Viewer.app */;
			productType = "com.apple.product-type.application";
		};
/* End PBXNativeTarget section */

/* Begin PBXProject section */
		9A050DE02281732100806F88 /* Project object */ = {
			isa = PBXProject;
			attributes = {
				LastSwiftUpdateCheck = 1020;
				LastUpgradeCheck = 1020;
				ORGANIZATIONNAME = "Nelson Tai";
				TargetAttributes = {
					9A050DE72281732100806F88 = {
						CreatedOnToolsVersion = 10.2.1;
					};
				};
			};
			buildConfigurationList = 9A050DE32281732100806F88 /* Build configuration list for PBXProject "Mark Viewer" */;
			compatibilityVersion = "Xcode 9.3";
			developmentRegion = en;
			hasScannedForEncodings = 0;
			knownRegions = (
				en,
				Base,
			);
			mainGroup = 9A050DDF2281732100806F88;
			productRefGroup = 9A050DE92281732100806F88 /* Products */;
			projectDirPath = "";
			projectRoot = "";
			targets = (
				9A050DE72281732100806F88 /* Mark Viewer */,
			);
		};
/* End PBXProject section */

/* Begin PBXResourcesBuildPhase section */
		9A050DE62281732100806F88 /* Resources */ = {
			isa = PBXResourcesBuildPhase;
			buildActionMask = 2147483647;
			files = (
				9A050DF72281732200806F88 /* Assets.xcassets in Resources */,
				9A943CDE2282D72900F332AE /* Default.bundle in Resources */,
				9A050DFA2281732200806F88 /* LaunchScreen.storyboard in Resources */,
				9A050DF52281732100806F88 /* Main.storyboard in Resources */,
			);
			runOnlyForDeploymentPostprocessing = 0;
		};
/* End PBXResourcesBuildPhase section */

/* Begin PBXShellScriptBuildPhase section */
		05A882F1617EF91FE710A761 /* [CP] Check Pods Manifest.lock */ = {
			isa = PBXShellScriptBuildPhase;
			buildActionMask = 2147483647;
			files = (
			);
			inputFileListPaths = (
			);
			inputPaths = (
				"${PODS_PODFILE_DIR_PATH}/Podfile.lock",
				"${PODS_ROOT}/Manifest.lock",
			);
			name = "[CP] Check Pods Manifest.lock";
			outputFileListPaths = (
			);
			outputPaths = (
				"$(DERIVED_FILE_DIR)/Pods-Mark Viewer-checkManifestLockResult.txt",
			);
			runOnlyForDeploymentPostprocessing = 0;
			shellPath = /bin/sh;
			shellScript = "diff \"${PODS_PODFILE_DIR_PATH}/Podfile.lock\" \"${PODS_ROOT}/Manifest.lock\" > /dev/null\nif [ $? != 0 ] ; then\n    # print error to STDERR\n    echo \"error: The sandbox is not in sync with the Podfile.lock. Run 'pod install' or update your CocoaPods installation.\" >&2\n    exit 1\nfi\n# This output is used by Xcode 'outputs' to avoid re-running this script phase.\necho \"SUCCESS\" > \"${SCRIPT_OUTPUT_FILE_0}\"\n";
			showEnvVarsInLog = 0;
		};
		4AA0DE6062D8030918F8957F /* [CP] Embed Pods Frameworks */ = {
			isa = PBXShellScriptBuildPhase;
			buildActionMask = 2147483647;
			files = (
			);
			inputFileListPaths = (
			);
			inputPaths = (
				"${PODS_ROOT}/Target Support Files/Pods-Mark Viewer/Pods-Mark Viewer-frameworks.sh",
				"${BUILT_PRODUCTS_DIR}/EFCMark/EFCMark.framework",
				"${BUILT_PRODUCTS_DIR}/EFMarkdown/EFMarkdown.framework",
			);
			name = "[CP] Embed Pods Frameworks";
			outputFileListPaths = (
			);
			outputPaths = (
				"${TARGET_BUILD_DIR}/${FRAMEWORKS_FOLDER_PATH}/EFCMark.framework",
				"${TARGET_BUILD_DIR}/${FRAMEWORKS_FOLDER_PATH}/EFMarkdown.framework",
			);
			runOnlyForDeploymentPostprocessing = 0;
			shellPath = /bin/sh;
			shellScript = "\"${PODS_ROOT}/Target Support Files/Pods-Mark Viewer/Pods-Mark Viewer-frameworks.sh\"\n";
			showEnvVarsInLog = 0;
		};
/* End PBXShellScriptBuildPhase section */

/* Begin PBXSourcesBuildPhase section */
		9A050DE42281732100806F88 /* Sources */ = {
			isa = PBXSourcesBuildPhase;
			buildActionMask = 2147483647;
			files = (
				9A050DEC2281732100806F88 /* AppDelegate.swift in Sources */,
				9A050DF22281732100806F88 /* MarkdownDocument.swift in Sources */,
				9A8212A52282AC5C009B5AE5 /* MarkdownDocumentBrowserTransitioningDelegate.swift in Sources */,
				9A050DEE2281732100806F88 /* MarkdownDocumentBrowserViewController.swift in Sources */,
				9A050DF02281732100806F88 /* MarkdownDocumentViewController.swift in Sources */,
				9A8212A2228272E1009B5AE5 /* MarkdownDocumentViewCoordinator.swift in Sources */,
				9AE8745622840B4D00193D53 /* MarkdownView.swift in Sources */,
				5273915D2281E480003370D6 /* MarkdownWrapperView.swift in Sources */,
			);
			runOnlyForDeploymentPostprocessing = 0;
		};
/* End PBXSourcesBuildPhase section */

/* Begin PBXVariantGroup section */
		9A050DF32281732100806F88 /* Main.storyboard */ = {
			isa = PBXVariantGroup;
			children = (
				9A050DF42281732100806F88 /* Base */,
			);
			name = Main.storyboard;
			sourceTree = "<group>";
		};
		9A050DF82281732200806F88 /* LaunchScreen.storyboard */ = {
			isa = PBXVariantGroup;
			children = (
				9A050DF92281732200806F88 /* Base */,
			);
			name = LaunchScreen.storyboard;
			sourceTree = "<group>";
		};
/* End PBXVariantGroup section */

/* Begin XCBuildConfiguration section */
		9A050DFC2281732200806F88 /* Debug */ = {
			isa = XCBuildConfiguration;
			buildSettings = {
				ALWAYS_SEARCH_USER_PATHS = NO;
				CLANG_ANALYZER_NONNULL = YES;
				CLANG_ANALYZER_NUMBER_OBJECT_CONVERSION = YES_AGGRESSIVE;
				CLANG_CXX_LANGUAGE_STANDARD = "gnu++14";
				CLANG_CXX_LIBRARY = "libc++";
				CLANG_ENABLE_MODULES = YES;
				CLANG_ENABLE_OBJC_ARC = YES;
				CLANG_ENABLE_OBJC_WEAK = YES;
				CLANG_WARN_BLOCK_CAPTURE_AUTORELEASING = YES;
				CLANG_WARN_BOOL_CONVERSION = YES;
				CLANG_WARN_COMMA = YES;
				CLANG_WARN_CONSTANT_CONVERSION = YES;
				CLANG_WARN_DEPRECATED_OBJC_IMPLEMENTATIONS = YES;
				CLANG_WARN_DIRECT_OBJC_ISA_USAGE = YES_ERROR;
				CLANG_WARN_DOCUMENTATION_COMMENTS = YES;
				CLANG_WARN_EMPTY_BODY = YES;
				CLANG_WARN_ENUM_CONVERSION = YES;
				CLANG_WARN_INFINITE_RECURSION = YES;
				CLANG_WARN_INT_CONVERSION = YES;
				CLANG_WARN_NON_LITERAL_NULL_CONVERSION = YES;
				CLANG_WARN_OBJC_IMPLICIT_RETAIN_SELF = YES;
				CLANG_WARN_OBJC_LITERAL_CONVERSION = YES;
				CLANG_WARN_OBJC_ROOT_CLASS = YES_ERROR;
				CLANG_WARN_RANGE_LOOP_ANALYSIS = YES;
				CLANG_WARN_STRICT_PROTOTYPES = YES;
				CLANG_WARN_SUSPICIOUS_MOVE = YES;
				CLANG_WARN_UNGUARDED_AVAILABILITY = YES_AGGRESSIVE;
				CLANG_WARN_UNREACHABLE_CODE = YES;
				CLANG_WARN__DUPLICATE_METHOD_MATCH = YES;
				CODE_SIGN_IDENTITY = "iPhone Developer";
				COPY_PHASE_STRIP = NO;
				DEBUG_INFORMATION_FORMAT = dwarf;
				ENABLE_STRICT_OBJC_MSGSEND = YES;
				ENABLE_TESTABILITY = YES;
				GCC_C_LANGUAGE_STANDARD = gnu11;
				GCC_DYNAMIC_NO_PIC = NO;
				GCC_NO_COMMON_BLOCKS = YES;
				GCC_OPTIMIZATION_LEVEL = 0;
				GCC_PREPROCESSOR_DEFINITIONS = (
					"DEBUG=1",
					"$(inherited)",
				);
				GCC_WARN_64_TO_32_BIT_CONVERSION = YES;
				GCC_WARN_ABOUT_RETURN_TYPE = YES_ERROR;
				GCC_WARN_UNDECLARED_SELECTOR = YES;
				GCC_WARN_UNINITIALIZED_AUTOS = YES_AGGRESSIVE;
				GCC_WARN_UNUSED_FUNCTION = YES;
				GCC_WARN_UNUSED_VARIABLE = YES;
				IPHONEOS_DEPLOYMENT_TARGET = 11.0;
				MTL_ENABLE_DEBUG_INFO = INCLUDE_SOURCE;
				MTL_FAST_MATH = YES;
				ONLY_ACTIVE_ARCH = YES;
				SDKROOT = iphoneos;
				SWIFT_ACTIVE_COMPILATION_CONDITIONS = DEBUG;
				SWIFT_OPTIMIZATION_LEVEL = "-Onone";
			};
			name = Debug;
		};
		9A050DFD2281732200806F88 /* Release */ = {
			isa = XCBuildConfiguration;
			buildSettings = {
				ALWAYS_SEARCH_USER_PATHS = NO;
				CLANG_ANALYZER_NONNULL = YES;
				CLANG_ANALYZER_NUMBER_OBJECT_CONVERSION = YES_AGGRESSIVE;
				CLANG_CXX_LANGUAGE_STANDARD = "gnu++14";
				CLANG_CXX_LIBRARY = "libc++";
				CLANG_ENABLE_MODULES = YES;
				CLANG_ENABLE_OBJC_ARC = YES;
				CLANG_ENABLE_OBJC_WEAK = YES;
				CLANG_WARN_BLOCK_CAPTURE_AUTORELEASING = YES;
				CLANG_WARN_BOOL_CONVERSION = YES;
				CLANG_WARN_COMMA = YES;
				CLANG_WARN_CONSTANT_CONVERSION = YES;
				CLANG_WARN_DEPRECATED_OBJC_IMPLEMENTATIONS = YES;
				CLANG_WARN_DIRECT_OBJC_ISA_USAGE = YES_ERROR;
				CLANG_WARN_DOCUMENTATION_COMMENTS = YES;
				CLANG_WARN_EMPTY_BODY = YES;
				CLANG_WARN_ENUM_CONVERSION = YES;
				CLANG_WARN_INFINITE_RECURSION = YES;
				CLANG_WARN_INT_CONVERSION = YES;
				CLANG_WARN_NON_LITERAL_NULL_CONVERSION = YES;
				CLANG_WARN_OBJC_IMPLICIT_RETAIN_SELF = YES;
				CLANG_WARN_OBJC_LITERAL_CONVERSION = YES;
				CLANG_WARN_OBJC_ROOT_CLASS = YES_ERROR;
				CLANG_WARN_RANGE_LOOP_ANALYSIS = YES;
				CLANG_WARN_STRICT_PROTOTYPES = YES;
				CLANG_WARN_SUSPICIOUS_MOVE = YES;
				CLANG_WARN_UNGUARDED_AVAILABILITY = YES_AGGRESSIVE;
				CLANG_WARN_UNREACHABLE_CODE = YES;
				CLANG_WARN__DUPLICATE_METHOD_MATCH = YES;
				CODE_SIGN_IDENTITY = "iPhone Developer";
				COPY_PHASE_STRIP = NO;
				DEBUG_INFORMATION_FORMAT = "dwarf-with-dsym";
				ENABLE_NS_ASSERTIONS = NO;
				ENABLE_STRICT_OBJC_MSGSEND = YES;
				GCC_C_LANGUAGE_STANDARD = gnu11;
				GCC_NO_COMMON_BLOCKS = YES;
				GCC_WARN_64_TO_32_BIT_CONVERSION = YES;
				GCC_WARN_ABOUT_RETURN_TYPE = YES_ERROR;
				GCC_WARN_UNDECLARED_SELECTOR = YES;
				GCC_WARN_UNINITIALIZED_AUTOS = YES_AGGRESSIVE;
				GCC_WARN_UNUSED_FUNCTION = YES;
				GCC_WARN_UNUSED_VARIABLE = YES;
				IPHONEOS_DEPLOYMENT_TARGET = 11.0;
				MTL_ENABLE_DEBUG_INFO = NO;
				MTL_FAST_MATH = YES;
				SDKROOT = iphoneos;
				SWIFT_COMPILATION_MODE = wholemodule;
				SWIFT_OPTIMIZATION_LEVEL = "-O";
				VALIDATE_PRODUCT = YES;
			};
			name = Release;
		};
		9A050DFF2281732200806F88 /* Debug */ = {
			isa = XCBuildConfiguration;
			baseConfigurationReference = 04745C37D9CED70D36DBB521 /* Pods-Mark Viewer.debug.xcconfig */;
			buildSettings = {
				ASSETCATALOG_COMPILER_APPICON_NAME = AppIcon;
				CODE_SIGN_STYLE = Automatic;
				DEVELOPMENT_TEAM = 47RT7A89MY;
				INFOPLIST_FILE = "Mark Viewer/Info.plist";
				LD_RUNPATH_SEARCH_PATHS = (
					"$(inherited)",
					"@executable_path/Frameworks",
				);
				PRODUCT_BUNDLE_IDENTIFIER = com.nelson.MarkViewer;
				PRODUCT_NAME = "$(TARGET_NAME)";
				SWIFT_VERSION = 5.0;
				TARGETED_DEVICE_FAMILY = "1,2";
			};
			name = Debug;
		};
		9A050E002281732200806F88 /* Release */ = {
			isa = XCBuildConfiguration;
			baseConfigurationReference = 545638D9939BC550B13C4F97 /* Pods-Mark Viewer.release.xcconfig */;
			buildSettings = {
				ASSETCATALOG_COMPILER_APPICON_NAME = AppIcon;
				CODE_SIGN_STYLE = Automatic;
				DEVELOPMENT_TEAM = 47RT7A89MY;
				INFOPLIST_FILE = "Mark Viewer/Info.plist";
				LD_RUNPATH_SEARCH_PATHS = (
					"$(inherited)",
					"@executable_path/Frameworks",
				);
				PRODUCT_BUNDLE_IDENTIFIER = com.nelson.MarkViewer;
				PRODUCT_NAME = "$(TARGET_NAME)";
				SWIFT_VERSION = 5.0;
				TARGETED_DEVICE_FAMILY = "1,2";
			};
			name = Release;
		};
/* End XCBuildConfiguration section */

/* Begin XCConfigurationList section */
		9A050DE32281732100806F88 /* Build configuration list for PBXProject "Mark Viewer" */ = {
			isa = XCConfigurationList;
			buildConfigurations = (
				9A050DFC2281732200806F88 /* Debug */,
				9A050DFD2281732200806F88 /* Release */,
			);
			defaultConfigurationIsVisible = 0;
			defaultConfigurationName = Release;
		};
		9A050DFE2281732200806F88 /* Build configuration list for PBXNativeTarget "Mark Viewer" */ = {
			isa = XCConfigurationList;
			buildConfigurations = (
				9A050DFF2281732200806F88 /* Debug */,
				9A050E002281732200806F88 /* Release */,
			);
			defaultConfigurationIsVisible = 0;
			defaultConfigurationName = Release;
		};
/* End XCConfigurationList section */
	};
	rootObject = 9A050DE02281732100806F88 /* Project object */;
}
